// !$*UTF8*$!
{
	archiveVersion = 1;
	classes = {
	};
	objectVersion = 55;
	objects = {

/* Begin PBXBuildFile section */
		7827667D29374DDD00E3F74D /* OptionView.swift in Sources */ = {isa = PBXBuildFile; fileRef = 7827667C29374DDD00E3F74D /* OptionView.swift */; };
		786B5024272AFACE0001CEDA /* QRCode.swift in Sources */ = {isa = PBXBuildFile; fileRef = 78EEFE7927064D63008B2DA3 /* QRCode.swift */; };
		786B5025272AFE230001CEDA /* QRCoderWidget.intentdefinition in Sources */ = {isa = PBXBuildFile; fileRef = 78FD9004272ACC070094DA3A /* QRCoderWidget.intentdefinition */; };
		786F2EEE2936931100F5AD4C /* ExtensionUserDefaults.swift in Sources */ = {isa = PBXBuildFile; fileRef = 786F2EED2936931100F5AD4C /* ExtensionUserDefaults.swift */; };
		78A41C18293513850062D9D7 /* QRCoderApp.swift in Sources */ = {isa = PBXBuildFile; fileRef = 78F70D0E273582BC002453B3 /* QRCoderApp.swift */; };
		78A41C19293513850062D9D7 /* WatchListView.swift in Sources */ = {isa = PBXBuildFile; fileRef = 78F70D0C273582BC002453B3 /* WatchListView.swift */; };
		78A41C1A293513850062D9D7 /* WatchDetailView.swift in Sources */ = {isa = PBXBuildFile; fileRef = 78F70D2427358609002453B3 /* WatchDetailView.swift */; };
		78A41C1C293534230062D9D7 /* WatchConnection.swift in Sources */ = {isa = PBXBuildFile; fileRef = 78A41C1B293534230062D9D7 /* WatchConnection.swift */; };
		78A41C1F293537FF0062D9D7 /* PhoneConnection.swift in Sources */ = {isa = PBXBuildFile; fileRef = 78A41C1E293537FF0062D9D7 /* PhoneConnection.swift */; };
		78A41C2029353D440062D9D7 /* WatchConnection.swift in Sources */ = {isa = PBXBuildFile; fileRef = 78A41C1B293534230062D9D7 /* WatchConnection.swift */; };
		78A41C2129353D440062D9D7 /* WatchConnection.swift in Sources */ = {isa = PBXBuildFile; fileRef = 78A41C1B293534230062D9D7 /* WatchConnection.swift */; };
		78A41C23293542A90062D9D7 /* WatchCode.swift in Sources */ = {isa = PBXBuildFile; fileRef = 78A41C22293542A90062D9D7 /* WatchCode.swift */; };
		78EEFE6C27064D47008B2DA3 /* QRCoderApp.swift in Sources */ = {isa = PBXBuildFile; fileRef = 78EEFE6B27064D47008B2DA3 /* QRCoderApp.swift */; };
		78EEFE7027064D48008B2DA3 /* Assets.xcassets in Resources */ = {isa = PBXBuildFile; fileRef = 78EEFE6F27064D48008B2DA3 /* Assets.xcassets */; };
		78EEFE7327064D48008B2DA3 /* Preview Assets.xcassets in Resources */ = {isa = PBXBuildFile; fileRef = 78EEFE7227064D48008B2DA3 /* Preview Assets.xcassets */; };
		78EEFE7A27064D63008B2DA3 /* QRCode.swift in Sources */ = {isa = PBXBuildFile; fileRef = 78EEFE7927064D63008B2DA3 /* QRCode.swift */; };
		78EEFE7D2706509D008B2DA3 /* QRData.swift in Sources */ = {isa = PBXBuildFile; fileRef = 78EEFE7C2706509D008B2DA3 /* QRData.swift */; };
		78EEFE83270710FD008B2DA3 /* QRListView.swift in Sources */ = {isa = PBXBuildFile; fileRef = 78EEFE82270710FD008B2DA3 /* QRListView.swift */; };
		78EEFE85270714F3008B2DA3 /* DetailView.swift in Sources */ = {isa = PBXBuildFile; fileRef = 78EEFE84270714F3008B2DA3 /* DetailView.swift */; };
		78EEFE8727075D71008B2DA3 /* EditView.swift in Sources */ = {isa = PBXBuildFile; fileRef = 78EEFE8627075D71008B2DA3 /* EditView.swift */; };
		78EEFE8927076606008B2DA3 /* ButtonView.swift in Sources */ = {isa = PBXBuildFile; fileRef = 78EEFE8827076606008B2DA3 /* ButtonView.swift */; };
		78EEFE8C2707A327008B2DA3 /* QRCodeView.swift in Sources */ = {isa = PBXBuildFile; fileRef = 78EEFE8B2707A327008B2DA3 /* QRCodeView.swift */; };
		78EEFE8E2707A3EA008B2DA3 /* HelperFunctions.swift in Sources */ = {isa = PBXBuildFile; fileRef = 78EEFE8D2707A3EA008B2DA3 /* HelperFunctions.swift */; };
		78F2007B2708B09200C5CECF /* ShareSheet.swift in Sources */ = {isa = PBXBuildFile; fileRef = 78F2007A2708B09200C5CECF /* ShareSheet.swift */; };
		78F2007D2708B18300C5CECF /* Snapshot.swift in Sources */ = {isa = PBXBuildFile; fileRef = 78F2007C2708B18300C5CECF /* Snapshot.swift */; };
		78F70D02273582BC002453B3 /* Assets.xcassets in Resources */ = {isa = PBXBuildFile; fileRef = 78F70D01273582BC002453B3 /* Assets.xcassets */; };
		78F70D08273582BC002453B3 /* WatchQRCoder WatchKit Extension.appex in Embed App Extensions */ = {isa = PBXBuildFile; fileRef = 78F70D07273582BC002453B3 /* WatchQRCoder WatchKit Extension.appex */; settings = {ATTRIBUTES = (RemoveHeadersOnCopy, ); }; };
		78F70D11273582BC002453B3 /* ComplicationController.swift in Sources */ = {isa = PBXBuildFile; fileRef = 78F70D10273582BC002453B3 /* ComplicationController.swift */; };
		78F70D13273582BD002453B3 /* Assets.xcassets in Resources */ = {isa = PBXBuildFile; fileRef = 78F70D12273582BD002453B3 /* Assets.xcassets */; };
		78F70D16273582BD002453B3 /* Preview Assets.xcassets in Resources */ = {isa = PBXBuildFile; fileRef = 78F70D15273582BD002453B3 /* Preview Assets.xcassets */; };
		78F70D1A273582BD002453B3 /* QRCoder.app in Embed Watch Content */ = {isa = PBXBuildFile; fileRef = 78F70CFF273582B9002453B3 /* QRCoder.app */; settings = {ATTRIBUTES = (RemoveHeadersOnCopy, ); }; };
		78FD8FFF272ACC070094DA3A /* WidgetKit.framework in Frameworks */ = {isa = PBXBuildFile; fileRef = 788005DF270D9CF400FFB113 /* WidgetKit.framework */; };
		78FD9000272ACC070094DA3A /* SwiftUI.framework in Frameworks */ = {isa = PBXBuildFile; fileRef = 788005E1270D9CF400FFB113 /* SwiftUI.framework */; };
		78FD9003272ACC070094DA3A /* QRCoderWidget.swift in Sources */ = {isa = PBXBuildFile; fileRef = 78FD9002272ACC070094DA3A /* QRCoderWidget.swift */; };
		78FD9006272ACC080094DA3A /* Assets.xcassets in Resources */ = {isa = PBXBuildFile; fileRef = 78FD9005272ACC080094DA3A /* Assets.xcassets */; };
		78FD9008272ACC080094DA3A /* QRCoderWidget.intentdefinition in Sources */ = {isa = PBXBuildFile; fileRef = 78FD9004272ACC070094DA3A /* QRCoderWidget.intentdefinition */; };
		78FD900C272ACC080094DA3A /* QRCoderWidgetExtension.appex in Embed App Extensions */ = {isa = PBXBuildFile; fileRef = 78FD8FFE272ACC070094DA3A /* QRCoderWidgetExtension.appex */; settings = {ATTRIBUTES = (RemoveHeadersOnCopy, ); }; };
		78FD9010272ACE050094DA3A /* QRCode.swift in Sources */ = {isa = PBXBuildFile; fileRef = 78EEFE7927064D63008B2DA3 /* QRCode.swift */; };
		78FD9011272ACE050094DA3A /* QRData.swift in Sources */ = {isa = PBXBuildFile; fileRef = 78EEFE7C2706509D008B2DA3 /* QRData.swift */; };
		78FD9012272ACFA90094DA3A /* HelperFunctions.swift in Sources */ = {isa = PBXBuildFile; fileRef = 78EEFE8D2707A3EA008B2DA3 /* HelperFunctions.swift */; };
		78FD9018272AF6740094DA3A /* Intents.framework in Frameworks */ = {isa = PBXBuildFile; fileRef = 78E28F8B270EF3920064D546 /* Intents.framework */; };
		78FD901B272AF6740094DA3A /* IntentHandler.swift in Sources */ = {isa = PBXBuildFile; fileRef = 78FD901A272AF6740094DA3A /* IntentHandler.swift */; };
		78FD901F272AF6740094DA3A /* QRCoderWidgetIntentHandler.appex in Embed App Extensions */ = {isa = PBXBuildFile; fileRef = 78FD9017272AF6740094DA3A /* QRCoderWidgetIntentHandler.appex */; settings = {ATTRIBUTES = (RemoveHeadersOnCopy, ); }; };
		78FD9024272AF96F0094DA3A /* QRData.swift in Sources */ = {isa = PBXBuildFile; fileRef = 78EEFE7C2706509D008B2DA3 /* QRData.swift */; };
/* End PBXBuildFile section */

/* Begin PBXContainerItemProxy section */
		78F70D09273582BC002453B3 /* PBXContainerItemProxy */ = {
			isa = PBXContainerItemProxy;
			containerPortal = 78EEFE6027064D47008B2DA3 /* Project object */;
			proxyType = 1;
			remoteGlobalIDString = 78F70D06273582BC002453B3;
			remoteInfo = "WatchQRCoder WatchKit Extension";
		};
		78F70D18273582BD002453B3 /* PBXContainerItemProxy */ = {
			isa = PBXContainerItemProxy;
			containerPortal = 78EEFE6027064D47008B2DA3 /* Project object */;
			proxyType = 1;
			remoteGlobalIDString = 78F70CFE273582B9002453B3;
			remoteInfo = WatchQRCoder;
		};
		78FD900A272ACC080094DA3A /* PBXContainerItemProxy */ = {
			isa = PBXContainerItemProxy;
			containerPortal = 78EEFE6027064D47008B2DA3 /* Project object */;
			proxyType = 1;
			remoteGlobalIDString = 78FD8FFD272ACC070094DA3A;
			remoteInfo = QRCoderWidgetExtension;
		};
		78FD901D272AF6740094DA3A /* PBXContainerItemProxy */ = {
			isa = PBXContainerItemProxy;
			containerPortal = 78EEFE6027064D47008B2DA3 /* Project object */;
			proxyType = 1;
			remoteGlobalIDString = 78FD9016272AF6740094DA3A;
			remoteInfo = QRCoderWidgetIntentHandler;
		};
/* End PBXContainerItemProxy section */

/* Begin PBXCopyFilesBuildPhase section */
		788005EF270D9CF600FFB113 /* Embed App Extensions */ = {
			isa = PBXCopyFilesBuildPhase;
			buildActionMask = 2147483647;
			dstPath = "";
			dstSubfolderSpec = 13;
			files = (
				78FD901F272AF6740094DA3A /* QRCoderWidgetIntentHandler.appex in Embed App Extensions */,
				78FD900C272ACC080094DA3A /* QRCoderWidgetExtension.appex in Embed App Extensions */,
			);
			name = "Embed App Extensions";
			runOnlyForDeploymentPostprocessing = 0;
		};
		78F70D1B273582BD002453B3 /* Embed Watch Content */ = {
			isa = PBXCopyFilesBuildPhase;
			buildActionMask = 2147483647;
			dstPath = "$(CONTENTS_FOLDER_PATH)/Watch";
			dstSubfolderSpec = 16;
			files = (
				78F70D1A273582BD002453B3 /* QRCoder.app in Embed Watch Content */,
			);
			name = "Embed Watch Content";
			runOnlyForDeploymentPostprocessing = 0;
		};
		78F70D1E273582BD002453B3 /* Embed App Extensions */ = {
			isa = PBXCopyFilesBuildPhase;
			buildActionMask = 2147483647;
			dstPath = "";
			dstSubfolderSpec = 13;
			files = (
				78F70D08273582BC002453B3 /* WatchQRCoder WatchKit Extension.appex in Embed App Extensions */,
			);
			name = "Embed App Extensions";
			runOnlyForDeploymentPostprocessing = 0;
		};
/* End PBXCopyFilesBuildPhase section */

/* Begin PBXFileReference section */
		7827667C29374DDD00E3F74D /* OptionView.swift */ = {isa = PBXFileReference; lastKnownFileType = sourcecode.swift; path = OptionView.swift; sourceTree = "<group>"; };
		786F2EED2936931100F5AD4C /* ExtensionUserDefaults.swift */ = {isa = PBXFileReference; lastKnownFileType = sourcecode.swift; path = ExtensionUserDefaults.swift; sourceTree = "<group>"; };
		788005DF270D9CF400FFB113 /* WidgetKit.framework */ = {isa = PBXFileReference; lastKnownFileType = wrapper.framework; name = WidgetKit.framework; path = System/Library/Frameworks/WidgetKit.framework; sourceTree = SDKROOT; };
		788005E1270D9CF400FFB113 /* SwiftUI.framework */ = {isa = PBXFileReference; lastKnownFileType = wrapper.framework; name = SwiftUI.framework; path = System/Library/Frameworks/SwiftUI.framework; sourceTree = SDKROOT; };
		78A41C1B293534230062D9D7 /* WatchConnection.swift */ = {isa = PBXFileReference; lastKnownFileType = sourcecode.swift; path = WatchConnection.swift; sourceTree = "<group>"; };
		78A41C1E293537FF0062D9D7 /* PhoneConnection.swift */ = {isa = PBXFileReference; lastKnownFileType = sourcecode.swift; path = PhoneConnection.swift; sourceTree = "<group>"; };
		78A41C22293542A90062D9D7 /* WatchCode.swift */ = {isa = PBXFileReference; lastKnownFileType = sourcecode.swift; path = WatchCode.swift; sourceTree = "<group>"; };
		78CBA5242731C3EF00710496 /* QRCoder.entitlements */ = {isa = PBXFileReference; lastKnownFileType = text.plist.entitlements; path = QRCoder.entitlements; sourceTree = "<group>"; };
		78CBA5252731C46A00710496 /* QRCoderWidgetExtension.entitlements */ = {isa = PBXFileReference; lastKnownFileType = text.plist.entitlements; path = QRCoderWidgetExtension.entitlements; sourceTree = "<group>"; };
		78CBA5262731C47600710496 /* QRCoderWidgetIntentHandler.entitlements */ = {isa = PBXFileReference; lastKnownFileType = text.plist.entitlements; path = QRCoderWidgetIntentHandler.entitlements; sourceTree = "<group>"; };
		78E28F85270EEE000064D546 /* Info.plist */ = {isa = PBXFileReference; lastKnownFileType = text.plist; path = Info.plist; sourceTree = "<group>"; };
		78E28F8B270EF3920064D546 /* Intents.framework */ = {isa = PBXFileReference; lastKnownFileType = wrapper.framework; name = Intents.framework; path = System/Library/Frameworks/Intents.framework; sourceTree = SDKROOT; };
		78E28F96270EF3920064D546 /* IntentsUI.framework */ = {isa = PBXFileReference; lastKnownFileType = wrapper.framework; name = IntentsUI.framework; path = System/Library/Frameworks/IntentsUI.framework; sourceTree = SDKROOT; };
		78EEFE6827064D47008B2DA3 /* QRCoder.app */ = {isa = PBXFileReference; explicitFileType = wrapper.application; includeInIndex = 0; path = QRCoder.app; sourceTree = BUILT_PRODUCTS_DIR; };
		78EEFE6B27064D47008B2DA3 /* QRCoderApp.swift */ = {isa = PBXFileReference; lastKnownFileType = sourcecode.swift; path = QRCoderApp.swift; sourceTree = "<group>"; };
		78EEFE6F27064D48008B2DA3 /* Assets.xcassets */ = {isa = PBXFileReference; lastKnownFileType = folder.assetcatalog; path = Assets.xcassets; sourceTree = "<group>"; };
		78EEFE7227064D48008B2DA3 /* Preview Assets.xcassets */ = {isa = PBXFileReference; lastKnownFileType = folder.assetcatalog; path = "Preview Assets.xcassets"; sourceTree = "<group>"; };
		78EEFE7927064D63008B2DA3 /* QRCode.swift */ = {isa = PBXFileReference; lastKnownFileType = sourcecode.swift; path = QRCode.swift; sourceTree = "<group>"; };
		78EEFE7C2706509D008B2DA3 /* QRData.swift */ = {isa = PBXFileReference; lastKnownFileType = sourcecode.swift; path = QRData.swift; sourceTree = "<group>"; };
		78EEFE82270710FD008B2DA3 /* QRListView.swift */ = {isa = PBXFileReference; lastKnownFileType = sourcecode.swift; path = QRListView.swift; sourceTree = "<group>"; };
		78EEFE84270714F3008B2DA3 /* DetailView.swift */ = {isa = PBXFileReference; lastKnownFileType = sourcecode.swift; path = DetailView.swift; sourceTree = "<group>"; };
		78EEFE8627075D71008B2DA3 /* EditView.swift */ = {isa = PBXFileReference; lastKnownFileType = sourcecode.swift; path = EditView.swift; sourceTree = "<group>"; };
		78EEFE8827076606008B2DA3 /* ButtonView.swift */ = {isa = PBXFileReference; lastKnownFileType = sourcecode.swift; path = ButtonView.swift; sourceTree = "<group>"; };
		78EEFE8B2707A327008B2DA3 /* QRCodeView.swift */ = {isa = PBXFileReference; lastKnownFileType = sourcecode.swift; path = QRCodeView.swift; sourceTree = "<group>"; };
		78EEFE8D2707A3EA008B2DA3 /* HelperFunctions.swift */ = {isa = PBXFileReference; fileEncoding = 4; lastKnownFileType = sourcecode.swift; path = HelperFunctions.swift; sourceTree = "<group>"; };
		78F2007A2708B09200C5CECF /* ShareSheet.swift */ = {isa = PBXFileReference; lastKnownFileType = sourcecode.swift; path = ShareSheet.swift; sourceTree = "<group>"; };
		78F2007C2708B18300C5CECF /* Snapshot.swift */ = {isa = PBXFileReference; lastKnownFileType = sourcecode.swift; path = Snapshot.swift; sourceTree = "<group>"; };
		78F70CFF273582B9002453B3 /* QRCoder.app */ = {isa = PBXFileReference; explicitFileType = wrapper.application; includeInIndex = 0; path = QRCoder.app; sourceTree = BUILT_PRODUCTS_DIR; };
		78F70D01273582BC002453B3 /* Assets.xcassets */ = {isa = PBXFileReference; lastKnownFileType = folder.assetcatalog; path = Assets.xcassets; sourceTree = "<group>"; };
		78F70D07273582BC002453B3 /* WatchQRCoder WatchKit Extension.appex */ = {isa = PBXFileReference; explicitFileType = "wrapper.app-extension"; includeInIndex = 0; path = "WatchQRCoder WatchKit Extension.appex"; sourceTree = BUILT_PRODUCTS_DIR; };
		78F70D0C273582BC002453B3 /* WatchListView.swift */ = {isa = PBXFileReference; lastKnownFileType = sourcecode.swift; path = WatchListView.swift; sourceTree = "<group>"; };
		78F70D0E273582BC002453B3 /* QRCoderApp.swift */ = {isa = PBXFileReference; lastKnownFileType = sourcecode.swift; path = QRCoderApp.swift; sourceTree = "<group>"; };
		78F70D10273582BC002453B3 /* ComplicationController.swift */ = {isa = PBXFileReference; lastKnownFileType = sourcecode.swift; path = ComplicationController.swift; sourceTree = "<group>"; };
		78F70D12273582BD002453B3 /* Assets.xcassets */ = {isa = PBXFileReference; lastKnownFileType = folder.assetcatalog; path = Assets.xcassets; sourceTree = "<group>"; };
		78F70D15273582BD002453B3 /* Preview Assets.xcassets */ = {isa = PBXFileReference; lastKnownFileType = folder.assetcatalog; path = "Preview Assets.xcassets"; sourceTree = "<group>"; };
		78F70D17273582BD002453B3 /* Info.plist */ = {isa = PBXFileReference; lastKnownFileType = text.plist.xml; path = Info.plist; sourceTree = "<group>"; };
		78F70D2427358609002453B3 /* WatchDetailView.swift */ = {isa = PBXFileReference; lastKnownFileType = sourcecode.swift; path = WatchDetailView.swift; sourceTree = "<group>"; };
		78FD8FFE272ACC070094DA3A /* QRCoderWidgetExtension.appex */ = {isa = PBXFileReference; explicitFileType = "wrapper.app-extension"; includeInIndex = 0; path = QRCoderWidgetExtension.appex; sourceTree = BUILT_PRODUCTS_DIR; };
		78FD9002272ACC070094DA3A /* QRCoderWidget.swift */ = {isa = PBXFileReference; lastKnownFileType = sourcecode.swift; path = QRCoderWidget.swift; sourceTree = "<group>"; };
		78FD9004272ACC070094DA3A /* QRCoderWidget.intentdefinition */ = {isa = PBXFileReference; lastKnownFileType = file.intentdefinition; path = QRCoderWidget.intentdefinition; sourceTree = "<group>"; };
		78FD9005272ACC080094DA3A /* Assets.xcassets */ = {isa = PBXFileReference; lastKnownFileType = folder.assetcatalog; path = Assets.xcassets; sourceTree = "<group>"; };
		78FD9007272ACC080094DA3A /* Info.plist */ = {isa = PBXFileReference; lastKnownFileType = text.plist.xml; path = Info.plist; sourceTree = "<group>"; };
		78FD9017272AF6740094DA3A /* QRCoderWidgetIntentHandler.appex */ = {isa = PBXFileReference; explicitFileType = "wrapper.app-extension"; includeInIndex = 0; path = QRCoderWidgetIntentHandler.appex; sourceTree = BUILT_PRODUCTS_DIR; };
		78FD901A272AF6740094DA3A /* IntentHandler.swift */ = {isa = PBXFileReference; lastKnownFileType = sourcecode.swift; path = IntentHandler.swift; sourceTree = "<group>"; };
		78FD901C272AF6740094DA3A /* Info.plist */ = {isa = PBXFileReference; lastKnownFileType = text.plist.xml; path = Info.plist; sourceTree = "<group>"; };
/* End PBXFileReference section */

/* Begin PBXFrameworksBuildPhase section */
		78EEFE6527064D47008B2DA3 /* Frameworks */ = {
			isa = PBXFrameworksBuildPhase;
			buildActionMask = 2147483647;
			files = (
			);
			runOnlyForDeploymentPostprocessing = 0;
		};
		78F70D04273582BC002453B3 /* Frameworks */ = {
			isa = PBXFrameworksBuildPhase;
			buildActionMask = 2147483647;
			files = (
			);
			runOnlyForDeploymentPostprocessing = 0;
		};
		78FD8FFB272ACC070094DA3A /* Frameworks */ = {
			isa = PBXFrameworksBuildPhase;
			buildActionMask = 2147483647;
			files = (
				78FD9000272ACC070094DA3A /* SwiftUI.framework in Frameworks */,
				78FD8FFF272ACC070094DA3A /* WidgetKit.framework in Frameworks */,
			);
			runOnlyForDeploymentPostprocessing = 0;
		};
		78FD9014272AF6740094DA3A /* Frameworks */ = {
			isa = PBXFrameworksBuildPhase;
			buildActionMask = 2147483647;
			files = (
				78FD9018272AF6740094DA3A /* Intents.framework in Frameworks */,
			);
			runOnlyForDeploymentPostprocessing = 0;
		};
/* End PBXFrameworksBuildPhase section */

/* Begin PBXGroup section */
		788005DE270D9CF400FFB113 /* Frameworks */ = {
			isa = PBXGroup;
			children = (
				788005DF270D9CF400FFB113 /* WidgetKit.framework */,
				788005E1270D9CF400FFB113 /* SwiftUI.framework */,
				78E28F8B270EF3920064D546 /* Intents.framework */,
				78E28F96270EF3920064D546 /* IntentsUI.framework */,
			);
			name = Frameworks;
			sourceTree = "<group>";
		};
		78A41C1D293537E80062D9D7 /* Model */ = {
			isa = PBXGroup;
			children = (
				78A41C22293542A90062D9D7 /* WatchCode.swift */,
				78A41C1E293537FF0062D9D7 /* PhoneConnection.swift */,
				786F2EED2936931100F5AD4C /* ExtensionUserDefaults.swift */,
			);
			path = Model;
			sourceTree = "<group>";
		};
		78EEFE5F27064D47008B2DA3 = {
			isa = PBXGroup;
			children = (
				78EEFE6A27064D47008B2DA3 /* QRCoder */,
				78FD9001272ACC070094DA3A /* QRCoderWidget */,
				78FD9019272AF6740094DA3A /* QRCoderWidgetIntentHandler */,
				78F70D00273582B9002453B3 /* WatchQRCoder */,
				78F70D0B273582BC002453B3 /* WatchQRCoder WatchKit Extension */,
				788005DE270D9CF400FFB113 /* Frameworks */,
				78EEFE6927064D47008B2DA3 /* Products */,
			);
			sourceTree = "<group>";
		};
		78EEFE6927064D47008B2DA3 /* Products */ = {
			isa = PBXGroup;
			children = (
				78EEFE6827064D47008B2DA3 /* QRCoder.app */,
				78FD8FFE272ACC070094DA3A /* QRCoderWidgetExtension.appex */,
				78FD9017272AF6740094DA3A /* QRCoderWidgetIntentHandler.appex */,
				78F70CFF273582B9002453B3 /* QRCoder.app */,
				78F70D07273582BC002453B3 /* WatchQRCoder WatchKit Extension.appex */,
			);
			name = Products;
			sourceTree = "<group>";
		};
		78EEFE6A27064D47008B2DA3 /* QRCoder */ = {
			isa = PBXGroup;
			children = (
				78CBA5242731C3EF00710496 /* QRCoder.entitlements */,
				78E28F85270EEE000064D546 /* Info.plist */,
				78EEFE6B27064D47008B2DA3 /* QRCoderApp.swift */,
				78EEFE82270710FD008B2DA3 /* QRListView.swift */,
				78EEFE84270714F3008B2DA3 /* DetailView.swift */,
				78EEFE8627075D71008B2DA3 /* EditView.swift */,
				78EEFE8B2707A327008B2DA3 /* QRCodeView.swift */,
				7827667C29374DDD00E3F74D /* OptionView.swift */,
				78EEFE8A27076BDE008B2DA3 /* Helper */,
				78EEFE7B27064D67008B2DA3 /* Model */,
				78EEFE6F27064D48008B2DA3 /* Assets.xcassets */,
				78EEFE7127064D48008B2DA3 /* Preview Content */,
			);
			path = QRCoder;
			sourceTree = "<group>";
		};
		78EEFE7127064D48008B2DA3 /* Preview Content */ = {
			isa = PBXGroup;
			children = (
				78EEFE7227064D48008B2DA3 /* Preview Assets.xcassets */,
			);
			path = "Preview Content";
			sourceTree = "<group>";
		};
		78EEFE7B27064D67008B2DA3 /* Model */ = {
			isa = PBXGroup;
			children = (
				78A41C1B293534230062D9D7 /* WatchConnection.swift */,
				78EEFE7927064D63008B2DA3 /* QRCode.swift */,
				78EEFE7C2706509D008B2DA3 /* QRData.swift */,
			);
			path = Model;
			sourceTree = "<group>";
		};
		78EEFE8A27076BDE008B2DA3 /* Helper */ = {
			isa = PBXGroup;
			children = (
				78EEFE8827076606008B2DA3 /* ButtonView.swift */,
				78F2007C2708B18300C5CECF /* Snapshot.swift */,
				78EEFE8D2707A3EA008B2DA3 /* HelperFunctions.swift */,
				78F2007A2708B09200C5CECF /* ShareSheet.swift */,
			);
			path = Helper;
			sourceTree = "<group>";
		};
		78F70D00273582B9002453B3 /* WatchQRCoder */ = {
			isa = PBXGroup;
			children = (
				78F70D01273582BC002453B3 /* Assets.xcassets */,
			);
			path = WatchQRCoder;
			sourceTree = "<group>";
		};
		78F70D0B273582BC002453B3 /* WatchQRCoder WatchKit Extension */ = {
			isa = PBXGroup;
			children = (
				78A41C1D293537E80062D9D7 /* Model */,
				78F70D0E273582BC002453B3 /* QRCoderApp.swift */,
				78F70D0C273582BC002453B3 /* WatchListView.swift */,
				78F70D2427358609002453B3 /* WatchDetailView.swift */,
				78F70D10273582BC002453B3 /* ComplicationController.swift */,
				78F70D12273582BD002453B3 /* Assets.xcassets */,
				78F70D17273582BD002453B3 /* Info.plist */,
				78F70D14273582BD002453B3 /* Preview Content */,
			);
			path = "WatchQRCoder WatchKit Extension";
			sourceTree = "<group>";
		};
		78F70D14273582BD002453B3 /* Preview Content */ = {
			isa = PBXGroup;
			children = (
				78F70D15273582BD002453B3 /* Preview Assets.xcassets */,
			);
			path = "Preview Content";
			sourceTree = "<group>";
		};
		78FD9001272ACC070094DA3A /* QRCoderWidget */ = {
			isa = PBXGroup;
			children = (
				78CBA5252731C46A00710496 /* QRCoderWidgetExtension.entitlements */,
				78FD9002272ACC070094DA3A /* QRCoderWidget.swift */,
				78FD9004272ACC070094DA3A /* QRCoderWidget.intentdefinition */,
				78FD9005272ACC080094DA3A /* Assets.xcassets */,
				78FD9007272ACC080094DA3A /* Info.plist */,
			);
			path = QRCoderWidget;
			sourceTree = "<group>";
		};
		78FD9019272AF6740094DA3A /* QRCoderWidgetIntentHandler */ = {
			isa = PBXGroup;
			children = (
				78CBA5262731C47600710496 /* QRCoderWidgetIntentHandler.entitlements */,
				78FD901A272AF6740094DA3A /* IntentHandler.swift */,
				78FD901C272AF6740094DA3A /* Info.plist */,
			);
			path = QRCoderWidgetIntentHandler;
			sourceTree = "<group>";
		};
/* End PBXGroup section */

/* Begin PBXNativeTarget section */
		78EEFE6727064D47008B2DA3 /* QRCoder */ = {
			isa = PBXNativeTarget;
			buildConfigurationList = 78EEFE7627064D48008B2DA3 /* Build configuration list for PBXNativeTarget "QRCoder" */;
			buildPhases = (
				78EEFE6427064D47008B2DA3 /* Sources */,
				78EEFE6527064D47008B2DA3 /* Frameworks */,
				78EEFE6627064D47008B2DA3 /* Resources */,
				788005EF270D9CF600FFB113 /* Embed App Extensions */,
				78F70D1B273582BD002453B3 /* Embed Watch Content */,
			);
			buildRules = (
			);
			dependencies = (
				78FD900B272ACC080094DA3A /* PBXTargetDependency */,
				78FD901E272AF6740094DA3A /* PBXTargetDependency */,
				78F70D19273582BD002453B3 /* PBXTargetDependency */,
			);
			name = QRCoder;
			productName = QRCoder;
			productReference = 78EEFE6827064D47008B2DA3 /* QRCoder.app */;
			productType = "com.apple.product-type.application";
		};
		78F70CFE273582B9002453B3 /* WatchQRCoder */ = {
			isa = PBXNativeTarget;
			buildConfigurationList = 78F70D22273582BD002453B3 /* Build configuration list for PBXNativeTarget "WatchQRCoder" */;
			buildPhases = (
				78F70CFD273582B9002453B3 /* Resources */,
				78F70D1E273582BD002453B3 /* Embed App Extensions */,
			);
			buildRules = (
			);
			dependencies = (
				78F70D0A273582BC002453B3 /* PBXTargetDependency */,
			);
			name = WatchQRCoder;
			productName = WatchQRCoder;
			productReference = 78F70CFF273582B9002453B3 /* QRCoder.app */;
			productType = "com.apple.product-type.application.watchapp2";
		};
		78F70D06273582BC002453B3 /* WatchQRCoder WatchKit Extension */ = {
			isa = PBXNativeTarget;
			buildConfigurationList = 78F70D21273582BD002453B3 /* Build configuration list for PBXNativeTarget "WatchQRCoder WatchKit Extension" */;
			buildPhases = (
				78F70D03273582BC002453B3 /* Sources */,
				78F70D04273582BC002453B3 /* Frameworks */,
				78F70D05273582BC002453B3 /* Resources */,
			);
			buildRules = (
			);
			dependencies = (
			);
			name = "WatchQRCoder WatchKit Extension";
			productName = "WatchQRCoder WatchKit Extension";
			productReference = 78F70D07273582BC002453B3 /* WatchQRCoder WatchKit Extension.appex */;
			productType = "com.apple.product-type.watchkit2-extension";
		};
		78FD8FFD272ACC070094DA3A /* QRCoderWidgetExtension */ = {
			isa = PBXNativeTarget;
			buildConfigurationList = 78FD900D272ACC080094DA3A /* Build configuration list for PBXNativeTarget "QRCoderWidgetExtension" */;
			buildPhases = (
				78FD8FFA272ACC070094DA3A /* Sources */,
				78FD8FFB272ACC070094DA3A /* Frameworks */,
				78FD8FFC272ACC070094DA3A /* Resources */,
			);
			buildRules = (
			);
			dependencies = (
			);
			name = QRCoderWidgetExtension;
			productName = QRCoderWidgetExtension;
			productReference = 78FD8FFE272ACC070094DA3A /* QRCoderWidgetExtension.appex */;
			productType = "com.apple.product-type.app-extension";
		};
		78FD9016272AF6740094DA3A /* QRCoderWidgetIntentHandler */ = {
			isa = PBXNativeTarget;
			buildConfigurationList = 78FD9020272AF6740094DA3A /* Build configuration list for PBXNativeTarget "QRCoderWidgetIntentHandler" */;
			buildPhases = (
				78FD9013272AF6740094DA3A /* Sources */,
				78FD9014272AF6740094DA3A /* Frameworks */,
				78FD9015272AF6740094DA3A /* Resources */,
			);
			buildRules = (
			);
			dependencies = (
			);
			name = QRCoderWidgetIntentHandler;
			productName = QRCoderWidgetIntentHandler;
			productReference = 78FD9017272AF6740094DA3A /* QRCoderWidgetIntentHandler.appex */;
			productType = "com.apple.product-type.app-extension";
		};
/* End PBXNativeTarget section */

/* Begin PBXProject section */
		78EEFE6027064D47008B2DA3 /* Project object */ = {
			isa = PBXProject;
			attributes = {
				BuildIndependentTargetsInParallel = 1;
				LastSwiftUpdateCheck = 1300;
				LastUpgradeCheck = 1300;
				TargetAttributes = {
					78EEFE6727064D47008B2DA3 = {
						CreatedOnToolsVersion = 13.0;
					};
					78F70CFE273582B9002453B3 = {
						CreatedOnToolsVersion = 13.0;
					};
					78F70D06273582BC002453B3 = {
						CreatedOnToolsVersion = 13.0;
					};
					78FD8FFD272ACC070094DA3A = {
						CreatedOnToolsVersion = 13.0;
					};
					78FD9016272AF6740094DA3A = {
						CreatedOnToolsVersion = 13.0;
					};
				};
			};
			buildConfigurationList = 78EEFE6327064D47008B2DA3 /* Build configuration list for PBXProject "QRCoder" */;
			compatibilityVersion = "Xcode 13.0";
			developmentRegion = en;
			hasScannedForEncodings = 0;
			knownRegions = (
				en,
				Base,
			);
			mainGroup = 78EEFE5F27064D47008B2DA3;
			productRefGroup = 78EEFE6927064D47008B2DA3 /* Products */;
			projectDirPath = "";
			projectRoot = "";
			targets = (
				78EEFE6727064D47008B2DA3 /* QRCoder */,
				78FD8FFD272ACC070094DA3A /* QRCoderWidgetExtension */,
				78FD9016272AF6740094DA3A /* QRCoderWidgetIntentHandler */,
				78F70CFE273582B9002453B3 /* WatchQRCoder */,
				78F70D06273582BC002453B3 /* WatchQRCoder WatchKit Extension */,
			);
		};
/* End PBXProject section */

/* Begin PBXResourcesBuildPhase section */
		78EEFE6627064D47008B2DA3 /* Resources */ = {
			isa = PBXResourcesBuildPhase;
			buildActionMask = 2147483647;
			files = (
				78EEFE7327064D48008B2DA3 /* Preview Assets.xcassets in Resources */,
				78EEFE7027064D48008B2DA3 /* Assets.xcassets in Resources */,
			);
			runOnlyForDeploymentPostprocessing = 0;
		};
		78F70CFD273582B9002453B3 /* Resources */ = {
			isa = PBXResourcesBuildPhase;
			buildActionMask = 2147483647;
			files = (
				78F70D02273582BC002453B3 /* Assets.xcassets in Resources */,
			);
			runOnlyForDeploymentPostprocessing = 0;
		};
		78F70D05273582BC002453B3 /* Resources */ = {
			isa = PBXResourcesBuildPhase;
			buildActionMask = 2147483647;
			files = (
				78F70D16273582BD002453B3 /* Preview Assets.xcassets in Resources */,
				78F70D13273582BD002453B3 /* Assets.xcassets in Resources */,
			);
			runOnlyForDeploymentPostprocessing = 0;
		};
		78FD8FFC272ACC070094DA3A /* Resources */ = {
			isa = PBXResourcesBuildPhase;
			buildActionMask = 2147483647;
			files = (
				78FD9006272ACC080094DA3A /* Assets.xcassets in Resources */,
			);
			runOnlyForDeploymentPostprocessing = 0;
		};
		78FD9015272AF6740094DA3A /* Resources */ = {
			isa = PBXResourcesBuildPhase;
			buildActionMask = 2147483647;
			files = (
			);
			runOnlyForDeploymentPostprocessing = 0;
		};
/* End PBXResourcesBuildPhase section */

/* Begin PBXSourcesBuildPhase section */
		78EEFE6427064D47008B2DA3 /* Sources */ = {
			isa = PBXSourcesBuildPhase;
			buildActionMask = 2147483647;
			files = (
				78EEFE85270714F3008B2DA3 /* DetailView.swift in Sources */,
				78F2007B2708B09200C5CECF /* ShareSheet.swift in Sources */,
				78F2007D2708B18300C5CECF /* Snapshot.swift in Sources */,
				78EEFE7D2706509D008B2DA3 /* QRData.swift in Sources */,
				78EEFE8727075D71008B2DA3 /* EditView.swift in Sources */,
				78EEFE83270710FD008B2DA3 /* QRListView.swift in Sources */,
				78EEFE8C2707A327008B2DA3 /* QRCodeView.swift in Sources */,
				78A41C1C293534230062D9D7 /* WatchConnection.swift in Sources */,
				7827667D29374DDD00E3F74D /* OptionView.swift in Sources */,
				78EEFE6C27064D47008B2DA3 /* QRCoderApp.swift in Sources */,
				78EEFE8E2707A3EA008B2DA3 /* HelperFunctions.swift in Sources */,
				78EEFE7A27064D63008B2DA3 /* QRCode.swift in Sources */,
				78EEFE8927076606008B2DA3 /* ButtonView.swift in Sources */,
			);
			runOnlyForDeploymentPostprocessing = 0;
		};
		78F70D03273582BC002453B3 /* Sources */ = {
			isa = PBXSourcesBuildPhase;
			buildActionMask = 2147483647;
			files = (
				78A41C18293513850062D9D7 /* QRCoderApp.swift in Sources */,
				78A41C1A293513850062D9D7 /* WatchDetailView.swift in Sources */,
				786F2EEE2936931100F5AD4C /* ExtensionUserDefaults.swift in Sources */,
				78A41C1F293537FF0062D9D7 /* PhoneConnection.swift in Sources */,
				78A41C19293513850062D9D7 /* WatchListView.swift in Sources */,
				78F70D11273582BC002453B3 /* ComplicationController.swift in Sources */,
				78A41C23293542A90062D9D7 /* WatchCode.swift in Sources */,
			);
			runOnlyForDeploymentPostprocessing = 0;
		};
		78FD8FFA272ACC070094DA3A /* Sources */ = {
			isa = PBXSourcesBuildPhase;
			buildActionMask = 2147483647;
			files = (
				78FD9011272ACE050094DA3A /* QRData.swift in Sources */,
				78A41C2029353D440062D9D7 /* WatchConnection.swift in Sources */,
				78FD9003272ACC070094DA3A /* QRCoderWidget.swift in Sources */,
				78FD9012272ACFA90094DA3A /* HelperFunctions.swift in Sources */,
				78FD9008272ACC080094DA3A /* QRCoderWidget.intentdefinition in Sources */,
				78FD9010272ACE050094DA3A /* QRCode.swift in Sources */,
			);
			runOnlyForDeploymentPostprocessing = 0;
		};
		78FD9013272AF6740094DA3A /* Sources */ = {
			isa = PBXSourcesBuildPhase;
			buildActionMask = 2147483647;
			files = (
				78FD901B272AF6740094DA3A /* IntentHandler.swift in Sources */,
				78A41C2129353D440062D9D7 /* WatchConnection.swift in Sources */,
				786B5024272AFACE0001CEDA /* QRCode.swift in Sources */,
				78FD9024272AF96F0094DA3A /* QRData.swift in Sources */,
				786B5025272AFE230001CEDA /* QRCoderWidget.intentdefinition in Sources */,
			);
			runOnlyForDeploymentPostprocessing = 0;
		};
/* End PBXSourcesBuildPhase section */

/* Begin PBXTargetDependency section */
		78F70D0A273582BC002453B3 /* PBXTargetDependency */ = {
			isa = PBXTargetDependency;
			target = 78F70D06273582BC002453B3 /* WatchQRCoder WatchKit Extension */;
			targetProxy = 78F70D09273582BC002453B3 /* PBXContainerItemProxy */;
		};
		78F70D19273582BD002453B3 /* PBXTargetDependency */ = {
			isa = PBXTargetDependency;
			target = 78F70CFE273582B9002453B3 /* WatchQRCoder */;
			targetProxy = 78F70D18273582BD002453B3 /* PBXContainerItemProxy */;
		};
		78FD900B272ACC080094DA3A /* PBXTargetDependency */ = {
			isa = PBXTargetDependency;
			target = 78FD8FFD272ACC070094DA3A /* QRCoderWidgetExtension */;
			targetProxy = 78FD900A272ACC080094DA3A /* PBXContainerItemProxy */;
		};
		78FD901E272AF6740094DA3A /* PBXTargetDependency */ = {
			isa = PBXTargetDependency;
			target = 78FD9016272AF6740094DA3A /* QRCoderWidgetIntentHandler */;
			targetProxy = 78FD901D272AF6740094DA3A /* PBXContainerItemProxy */;
		};
/* End PBXTargetDependency section */

/* Begin XCBuildConfiguration section */
		78EEFE7427064D48008B2DA3 /* Debug */ = {
			isa = XCBuildConfiguration;
			buildSettings = {
				ALWAYS_SEARCH_USER_PATHS = NO;
				CLANG_ANALYZER_NONNULL = YES;
				CLANG_ANALYZER_NUMBER_OBJECT_CONVERSION = YES_AGGRESSIVE;
				CLANG_CXX_LANGUAGE_STANDARD = "gnu++17";
				CLANG_CXX_LIBRARY = "libc++";
				CLANG_ENABLE_MODULES = YES;
				CLANG_ENABLE_OBJC_ARC = YES;
				CLANG_ENABLE_OBJC_WEAK = YES;
				CLANG_WARN_BLOCK_CAPTURE_AUTORELEASING = YES;
				CLANG_WARN_BOOL_CONVERSION = YES;
				CLANG_WARN_COMMA = YES;
				CLANG_WARN_CONSTANT_CONVERSION = YES;
				CLANG_WARN_DEPRECATED_OBJC_IMPLEMENTATIONS = YES;
				CLANG_WARN_DIRECT_OBJC_ISA_USAGE = YES_ERROR;
				CLANG_WARN_DOCUMENTATION_COMMENTS = YES;
				CLANG_WARN_EMPTY_BODY = YES;
				CLANG_WARN_ENUM_CONVERSION = YES;
				CLANG_WARN_INFINITE_RECURSION = YES;
				CLANG_WARN_INT_CONVERSION = YES;
				CLANG_WARN_NON_LITERAL_NULL_CONVERSION = YES;
				CLANG_WARN_OBJC_IMPLICIT_RETAIN_SELF = YES;
				CLANG_WARN_OBJC_LITERAL_CONVERSION = YES;
				CLANG_WARN_OBJC_ROOT_CLASS = YES_ERROR;
				CLANG_WARN_QUOTED_INCLUDE_IN_FRAMEWORK_HEADER = YES;
				CLANG_WARN_RANGE_LOOP_ANALYSIS = YES;
				CLANG_WARN_STRICT_PROTOTYPES = YES;
				CLANG_WARN_SUSPICIOUS_MOVE = YES;
				CLANG_WARN_UNGUARDED_AVAILABILITY = YES_AGGRESSIVE;
				CLANG_WARN_UNREACHABLE_CODE = YES;
				CLANG_WARN__DUPLICATE_METHOD_MATCH = YES;
				COPY_PHASE_STRIP = NO;
				DEBUG_INFORMATION_FORMAT = dwarf;
				ENABLE_STRICT_OBJC_MSGSEND = YES;
				ENABLE_TESTABILITY = YES;
				GCC_C_LANGUAGE_STANDARD = gnu11;
				GCC_DYNAMIC_NO_PIC = NO;
				GCC_NO_COMMON_BLOCKS = YES;
				GCC_OPTIMIZATION_LEVEL = 0;
				GCC_PREPROCESSOR_DEFINITIONS = (
					"DEBUG=1",
					"$(inherited)",
				);
				GCC_WARN_64_TO_32_BIT_CONVERSION = YES;
				GCC_WARN_ABOUT_RETURN_TYPE = YES_ERROR;
				GCC_WARN_UNDECLARED_SELECTOR = YES;
				GCC_WARN_UNINITIALIZED_AUTOS = YES_AGGRESSIVE;
				GCC_WARN_UNUSED_FUNCTION = YES;
				GCC_WARN_UNUSED_VARIABLE = YES;
				IPHONEOS_DEPLOYMENT_TARGET = 15.0;
				MTL_ENABLE_DEBUG_INFO = INCLUDE_SOURCE;
				MTL_FAST_MATH = YES;
				ONLY_ACTIVE_ARCH = YES;
				SDKROOT = iphoneos;
				SWIFT_ACTIVE_COMPILATION_CONDITIONS = DEBUG;
				SWIFT_OPTIMIZATION_LEVEL = "-Onone";
			};
			name = Debug;
		};
		78EEFE7527064D48008B2DA3 /* Release */ = {
			isa = XCBuildConfiguration;
			buildSettings = {
				ALWAYS_SEARCH_USER_PATHS = NO;
				CLANG_ANALYZER_NONNULL = YES;
				CLANG_ANALYZER_NUMBER_OBJECT_CONVERSION = YES_AGGRESSIVE;
				CLANG_CXX_LANGUAGE_STANDARD = "gnu++17";
				CLANG_CXX_LIBRARY = "libc++";
				CLANG_ENABLE_MODULES = YES;
				CLANG_ENABLE_OBJC_ARC = YES;
				CLANG_ENABLE_OBJC_WEAK = YES;
				CLANG_WARN_BLOCK_CAPTURE_AUTORELEASING = YES;
				CLANG_WARN_BOOL_CONVERSION = YES;
				CLANG_WARN_COMMA = YES;
				CLANG_WARN_CONSTANT_CONVERSION = YES;
				CLANG_WARN_DEPRECATED_OBJC_IMPLEMENTATIONS = YES;
				CLANG_WARN_DIRECT_OBJC_ISA_USAGE = YES_ERROR;
				CLANG_WARN_DOCUMENTATION_COMMENTS = YES;
				CLANG_WARN_EMPTY_BODY = YES;
				CLANG_WARN_ENUM_CONVERSION = YES;
				CLANG_WARN_INFINITE_RECURSION = YES;
				CLANG_WARN_INT_CONVERSION = YES;
				CLANG_WARN_NON_LITERAL_NULL_CONVERSION = YES;
				CLANG_WARN_OBJC_IMPLICIT_RETAIN_SELF = YES;
				CLANG_WARN_OBJC_LITERAL_CONVERSION = YES;
				CLANG_WARN_OBJC_ROOT_CLASS = YES_ERROR;
				CLANG_WARN_QUOTED_INCLUDE_IN_FRAMEWORK_HEADER = YES;
				CLANG_WARN_RANGE_LOOP_ANALYSIS = YES;
				CLANG_WARN_STRICT_PROTOTYPES = YES;
				CLANG_WARN_SUSPICIOUS_MOVE = YES;
				CLANG_WARN_UNGUARDED_AVAILABILITY = YES_AGGRESSIVE;
				CLANG_WARN_UNREACHABLE_CODE = YES;
				CLANG_WARN__DUPLICATE_METHOD_MATCH = YES;
				COPY_PHASE_STRIP = NO;
				DEBUG_INFORMATION_FORMAT = "dwarf-with-dsym";
				ENABLE_NS_ASSERTIONS = NO;
				ENABLE_STRICT_OBJC_MSGSEND = YES;
				GCC_C_LANGUAGE_STANDARD = gnu11;
				GCC_NO_COMMON_BLOCKS = YES;
				GCC_WARN_64_TO_32_BIT_CONVERSION = YES;
				GCC_WARN_ABOUT_RETURN_TYPE = YES_ERROR;
				GCC_WARN_UNDECLARED_SELECTOR = YES;
				GCC_WARN_UNINITIALIZED_AUTOS = YES_AGGRESSIVE;
				GCC_WARN_UNUSED_FUNCTION = YES;
				GCC_WARN_UNUSED_VARIABLE = YES;
				IPHONEOS_DEPLOYMENT_TARGET = 15.0;
				MTL_ENABLE_DEBUG_INFO = NO;
				MTL_FAST_MATH = YES;
				SDKROOT = iphoneos;
				SWIFT_COMPILATION_MODE = wholemodule;
				SWIFT_OPTIMIZATION_LEVEL = "-O";
				VALIDATE_PRODUCT = YES;
			};
			name = Release;
		};
		78EEFE7727064D48008B2DA3 /* Debug */ = {
			isa = XCBuildConfiguration;
			buildSettings = {
				ALWAYS_EMBED_SWIFT_STANDARD_LIBRARIES = YES;
				ASSETCATALOG_COMPILER_APPICON_NAME = AppIcon;
				ASSETCATALOG_COMPILER_GLOBAL_ACCENT_COLOR_NAME = AccentColor;
				CODE_SIGN_ENTITLEMENTS = QRCoder/QRCoder.entitlements;
				CODE_SIGN_STYLE = Automatic;
				CURRENT_PROJECT_VERSION = 1;
				DEVELOPMENT_ASSET_PATHS = "\"QRCoder/Preview Content\"";
				DEVELOPMENT_TEAM = XDR8Y54N77;
				ENABLE_PREVIEWS = YES;
				GENERATE_INFOPLIST_FILE = YES;
				INFOPLIST_FILE = QRCoder/Info.plist;
				INFOPLIST_KEY_NSPhotoLibraryAddUsageDescription = "This is needed in order to save your QR Codes in Photos.";
				INFOPLIST_KEY_UIApplicationSupportsIndirectInputEvents = YES;
				INFOPLIST_KEY_UILaunchScreen_Generation = YES;
				INFOPLIST_KEY_UISupportedInterfaceOrientations = "UIInterfaceOrientationPortraitUpsideDown UIInterfaceOrientationPortrait";
				INFOPLIST_KEY_UISupportedInterfaceOrientations_iPad = "UIInterfaceOrientationPortrait UIInterfaceOrientationPortraitUpsideDown UIInterfaceOrientationLandscapeLeft UIInterfaceOrientationLandscapeRight";
				INFOPLIST_KEY_UISupportedInterfaceOrientations_iPhone = "UIInterfaceOrientationPortrait UIInterfaceOrientationLandscapeLeft UIInterfaceOrientationLandscapeRight";
				IPHONEOS_DEPLOYMENT_TARGET = 14.0;
				LD_RUNPATH_SEARCH_PATHS = (
					"$(inherited)",
					"@executable_path/Frameworks",
				);
				MARKETING_VERSION = 1.0;
				PRODUCT_BUNDLE_IDENTIFIER = com.7III.QRCoder;
				PRODUCT_NAME = "$(TARGET_NAME)";
				SWIFT_EMIT_LOC_STRINGS = YES;
				SWIFT_VERSION = 5.0;
				TARGETED_DEVICE_FAMILY = 1;
			};
			name = Debug;
		};
		78EEFE7827064D48008B2DA3 /* Release */ = {
			isa = XCBuildConfiguration;
			buildSettings = {
				ALWAYS_EMBED_SWIFT_STANDARD_LIBRARIES = YES;
				ASSETCATALOG_COMPILER_APPICON_NAME = AppIcon;
				ASSETCATALOG_COMPILER_GLOBAL_ACCENT_COLOR_NAME = AccentColor;
				CODE_SIGN_ENTITLEMENTS = QRCoder/QRCoder.entitlements;
				CODE_SIGN_STYLE = Automatic;
				CURRENT_PROJECT_VERSION = 1;
				DEVELOPMENT_ASSET_PATHS = "\"QRCoder/Preview Content\"";
				DEVELOPMENT_TEAM = XDR8Y54N77;
				ENABLE_PREVIEWS = YES;
				GENERATE_INFOPLIST_FILE = YES;
				INFOPLIST_FILE = QRCoder/Info.plist;
				INFOPLIST_KEY_NSPhotoLibraryAddUsageDescription = "This is needed in order to save your QR Codes in Photos.";
				INFOPLIST_KEY_UIApplicationSupportsIndirectInputEvents = YES;
				INFOPLIST_KEY_UILaunchScreen_Generation = YES;
				INFOPLIST_KEY_UISupportedInterfaceOrientations = "UIInterfaceOrientationPortraitUpsideDown UIInterfaceOrientationPortrait";
				INFOPLIST_KEY_UISupportedInterfaceOrientations_iPad = "UIInterfaceOrientationPortrait UIInterfaceOrientationPortraitUpsideDown UIInterfaceOrientationLandscapeLeft UIInterfaceOrientationLandscapeRight";
				INFOPLIST_KEY_UISupportedInterfaceOrientations_iPhone = "UIInterfaceOrientationPortrait UIInterfaceOrientationLandscapeLeft UIInterfaceOrientationLandscapeRight";
				IPHONEOS_DEPLOYMENT_TARGET = 14.0;
				LD_RUNPATH_SEARCH_PATHS = (
					"$(inherited)",
					"@executable_path/Frameworks",
				);
				MARKETING_VERSION = 1.0;
				PRODUCT_BUNDLE_IDENTIFIER = com.7III.QRCoder;
				PRODUCT_NAME = "$(TARGET_NAME)";
				SWIFT_EMIT_LOC_STRINGS = YES;
				SWIFT_VERSION = 5.0;
				TARGETED_DEVICE_FAMILY = 1;
			};
			name = Release;
		};
		78F70D1C273582BD002453B3 /* Debug */ = {
			isa = XCBuildConfiguration;
			buildSettings = {
				ALWAYS_EMBED_SWIFT_STANDARD_LIBRARIES = YES;
				ASSETCATALOG_COMPILER_APPICON_NAME = AppIcon;
				ASSETCATALOG_COMPILER_GLOBAL_ACCENT_COLOR_NAME = AccentColor;
				CODE_SIGN_STYLE = Automatic;
				CURRENT_PROJECT_VERSION = 1;
				DEVELOPMENT_TEAM = XDR8Y54N77;
				GENERATE_INFOPLIST_FILE = YES;
				IBSC_MODULE = WatchQRCoder_WatchKit_Extension;
				INFOPLIST_KEY_UISupportedInterfaceOrientations = "UIInterfaceOrientationPortrait UIInterfaceOrientationPortraitUpsideDown";
				INFOPLIST_KEY_WKCompanionAppBundleIdentifier = com.7III.QRCoder;
				MARKETING_VERSION = 1.0;
				PRODUCT_BUNDLE_IDENTIFIER = com.7III.QRCoder.watchkitapp;
				PRODUCT_NAME = QRCoder;
				SDKROOT = watchos;
				SKIP_INSTALL = YES;
				SWIFT_EMIT_LOC_STRINGS = YES;
				SWIFT_VERSION = 5.0;
				TARGETED_DEVICE_FAMILY = 4;
				WATCHOS_DEPLOYMENT_TARGET = 8.0;
			};
			name = Debug;
		};
		78F70D1D273582BD002453B3 /* Release */ = {
			isa = XCBuildConfiguration;
			buildSettings = {
				ALWAYS_EMBED_SWIFT_STANDARD_LIBRARIES = YES;
				ASSETCATALOG_COMPILER_APPICON_NAME = AppIcon;
				ASSETCATALOG_COMPILER_GLOBAL_ACCENT_COLOR_NAME = AccentColor;
				CODE_SIGN_STYLE = Automatic;
				CURRENT_PROJECT_VERSION = 1;
				DEVELOPMENT_TEAM = XDR8Y54N77;
				GENERATE_INFOPLIST_FILE = YES;
				IBSC_MODULE = WatchQRCoder_WatchKit_Extension;
				INFOPLIST_KEY_UISupportedInterfaceOrientations = "UIInterfaceOrientationPortrait UIInterfaceOrientationPortraitUpsideDown";
				INFOPLIST_KEY_WKCompanionAppBundleIdentifier = com.7III.QRCoder;
				MARKETING_VERSION = 1.0;
				PRODUCT_BUNDLE_IDENTIFIER = com.7III.QRCoder.watchkitapp;
				PRODUCT_NAME = QRCoder;
				SDKROOT = watchos;
				SKIP_INSTALL = YES;
				SWIFT_EMIT_LOC_STRINGS = YES;
				SWIFT_VERSION = 5.0;
				TARGETED_DEVICE_FAMILY = 4;
				WATCHOS_DEPLOYMENT_TARGET = 8.0;
			};
			name = Release;
		};
		78F70D1F273582BD002453B3 /* Debug */ = {
			isa = XCBuildConfiguration;
			buildSettings = {
				ASSETCATALOG_COMPILER_COMPLICATION_NAME = Complication;
				CODE_SIGN_STYLE = Automatic;
				CURRENT_PROJECT_VERSION = 1;
				DEVELOPMENT_ASSET_PATHS = "\"WatchQRCoder WatchKit Extension/Preview Content\"";
				DEVELOPMENT_TEAM = XDR8Y54N77;
				ENABLE_PREVIEWS = YES;
				GENERATE_INFOPLIST_FILE = YES;
				INFOPLIST_FILE = "WatchQRCoder WatchKit Extension/Info.plist";
				INFOPLIST_KEY_CFBundleDisplayName = "WatchQRCoder WatchKit Extension";
				INFOPLIST_KEY_CLKComplicationPrincipalClass = "$(PRODUCT_MODULE_NAME).ComplicationController";
				INFOPLIST_KEY_NSHumanReadableCopyright = "";
				LD_RUNPATH_SEARCH_PATHS = (
					"$(inherited)",
					"@executable_path/Frameworks",
					"@executable_path/../../Frameworks",
				);
				MARKETING_VERSION = 1.0;
				PRODUCT_BUNDLE_IDENTIFIER = com.7III.QRCoder.watchkitapp.watchkitextension;
				PRODUCT_NAME = "${TARGET_NAME}";
				SDKROOT = watchos;
				SKIP_INSTALL = YES;
				SWIFT_EMIT_LOC_STRINGS = YES;
				SWIFT_VERSION = 5.0;
				TARGETED_DEVICE_FAMILY = 4;
				WATCHOS_DEPLOYMENT_TARGET = 8.0;
			};
			name = Debug;
		};
		78F70D20273582BD002453B3 /* Release */ = {
			isa = XCBuildConfiguration;
			buildSettings = {
				ASSETCATALOG_COMPILER_COMPLICATION_NAME = Complication;
				CODE_SIGN_STYLE = Automatic;
				CURRENT_PROJECT_VERSION = 1;
				DEVELOPMENT_ASSET_PATHS = "\"WatchQRCoder WatchKit Extension/Preview Content\"";
				DEVELOPMENT_TEAM = XDR8Y54N77;
				ENABLE_PREVIEWS = YES;
				GENERATE_INFOPLIST_FILE = YES;
				INFOPLIST_FILE = "WatchQRCoder WatchKit Extension/Info.plist";
				INFOPLIST_KEY_CFBundleDisplayName = "WatchQRCoder WatchKit Extension";
				INFOPLIST_KEY_CLKComplicationPrincipalClass = "$(PRODUCT_MODULE_NAME).ComplicationController";
				INFOPLIST_KEY_NSHumanReadableCopyright = "";
				LD_RUNPATH_SEARCH_PATHS = (
					"$(inherited)",
					"@executable_path/Frameworks",
					"@executable_path/../../Frameworks",
				);
				MARKETING_VERSION = 1.0;
				PRODUCT_BUNDLE_IDENTIFIER = com.7III.QRCoder.watchkitapp.watchkitextension;
				PRODUCT_NAME = "${TARGET_NAME}";
				SDKROOT = watchos;
				SKIP_INSTALL = YES;
				SWIFT_EMIT_LOC_STRINGS = YES;
				SWIFT_VERSION = 5.0;
				TARGETED_DEVICE_FAMILY = 4;
				WATCHOS_DEPLOYMENT_TARGET = 8.0;
			};
			name = Release;
		};
		78FD900E272ACC080094DA3A /* Debug */ = {
			isa = XCBuildConfiguration;
			buildSettings = {
				ASSETCATALOG_COMPILER_GLOBAL_ACCENT_COLOR_NAME = AccentColor;
				ASSETCATALOG_COMPILER_WIDGET_BACKGROUND_COLOR_NAME = WidgetBackground;
				CODE_SIGN_ENTITLEMENTS = QRCoderWidgetExtension.entitlements;
				CODE_SIGN_STYLE = Automatic;
				CURRENT_PROJECT_VERSION = 1;
				DEVELOPMENT_TEAM = XDR8Y54N77;
				GENERATE_INFOPLIST_FILE = YES;
				INFOPLIST_FILE = QRCoderWidget/Info.plist;
				INFOPLIST_KEY_CFBundleDisplayName = QRCoderWidget;
				INFOPLIST_KEY_NSHumanReadableCopyright = "";
				LD_RUNPATH_SEARCH_PATHS = (
					"$(inherited)",
					"@executable_path/Frameworks",
					"@executable_path/../../Frameworks",
				);
				MARKETING_VERSION = 1.0;
				PRODUCT_BUNDLE_IDENTIFIER = com.7III.QRCoder.QRCoderWidget;
				PRODUCT_NAME = "$(TARGET_NAME)";
				SKIP_INSTALL = YES;
				SWIFT_EMIT_LOC_STRINGS = YES;
				SWIFT_VERSION = 5.0;
				TARGETED_DEVICE_FAMILY = 1;
			};
			name = Debug;
		};
		78FD900F272ACC080094DA3A /* Release */ = {
			isa = XCBuildConfiguration;
			buildSettings = {
				ASSETCATALOG_COMPILER_GLOBAL_ACCENT_COLOR_NAME = AccentColor;
				ASSETCATALOG_COMPILER_WIDGET_BACKGROUND_COLOR_NAME = WidgetBackground;
				CODE_SIGN_ENTITLEMENTS = QRCoderWidgetExtension.entitlements;
				CODE_SIGN_STYLE = Automatic;
				CURRENT_PROJECT_VERSION = 1;
				DEVELOPMENT_TEAM = XDR8Y54N77;
				GENERATE_INFOPLIST_FILE = YES;
				INFOPLIST_FILE = QRCoderWidget/Info.plist;
				INFOPLIST_KEY_CFBundleDisplayName = QRCoderWidget;
				INFOPLIST_KEY_NSHumanReadableCopyright = "";
				LD_RUNPATH_SEARCH_PATHS = (
					"$(inherited)",
					"@executable_path/Frameworks",
					"@executable_path/../../Frameworks",
				);
				MARKETING_VERSION = 1.0;
				PRODUCT_BUNDLE_IDENTIFIER = com.7III.QRCoder.QRCoderWidget;
				PRODUCT_NAME = "$(TARGET_NAME)";
				SKIP_INSTALL = YES;
				SWIFT_EMIT_LOC_STRINGS = YES;
				SWIFT_VERSION = 5.0;
				TARGETED_DEVICE_FAMILY = 1;
			};
			name = Release;
		};
		78FD9021272AF6740094DA3A /* Debug */ = {
			isa = XCBuildConfiguration;
			buildSettings = {
				CODE_SIGN_ENTITLEMENTS = QRCoderWidgetIntentHandler/QRCoderWidgetIntentHandler.entitlements;
				CODE_SIGN_STYLE = Automatic;
				CURRENT_PROJECT_VERSION = 1;
				DEVELOPMENT_TEAM = XDR8Y54N77;
				GENERATE_INFOPLIST_FILE = YES;
				INFOPLIST_FILE = QRCoderWidgetIntentHandler/Info.plist;
				INFOPLIST_KEY_CFBundleDisplayName = QRCoderWidgetIntentHandler;
				INFOPLIST_KEY_NSHumanReadableCopyright = "";
				LD_RUNPATH_SEARCH_PATHS = (
					"$(inherited)",
					"@executable_path/Frameworks",
					"@executable_path/../../Frameworks",
				);
				MARKETING_VERSION = 1.0;
				PRODUCT_BUNDLE_IDENTIFIER = com.7III.QRCoder.QRCoderWidgetIntentHandler;
				PRODUCT_NAME = "$(TARGET_NAME)";
				SKIP_INSTALL = YES;
				SWIFT_EMIT_LOC_STRINGS = YES;
				SWIFT_VERSION = 5.0;
				TARGETED_DEVICE_FAMILY = 1;
			};
			name = Debug;
		};
		78FD9022272AF6740094DA3A /* Release */ = {
			isa = XCBuildConfiguration;
			buildSettings = {
				CODE_SIGN_ENTITLEMENTS = QRCoderWidgetIntentHandler/QRCoderWidgetIntentHandler.entitlements;
				CODE_SIGN_STYLE = Automatic;
				CURRENT_PROJECT_VERSION = 1;
				DEVELOPMENT_TEAM = XDR8Y54N77;
				GENERATE_INFOPLIST_FILE = YES;
				INFOPLIST_FILE = QRCoderWidgetIntentHandler/Info.plist;
				INFOPLIST_KEY_CFBundleDisplayName = QRCoderWidgetIntentHandler;
				INFOPLIST_KEY_NSHumanReadableCopyright = "";
				LD_RUNPATH_SEARCH_PATHS = (
					"$(inherited)",
					"@executable_path/Frameworks",
					"@executable_path/../../Frameworks",
				);
				MARKETING_VERSION = 1.0;
				PRODUCT_BUNDLE_IDENTIFIER = com.7III.QRCoder.QRCoderWidgetIntentHandler;
				PRODUCT_NAME = "$(TARGET_NAME)";
				SKIP_INSTALL = YES;
				SWIFT_EMIT_LOC_STRINGS = YES;
				SWIFT_VERSION = 5.0;
				TARGETED_DEVICE_FAMILY = 1;
			};
			name = Release;
		};
/* End XCBuildConfiguration section */

/* Begin XCConfigurationList section */
		78EEFE6327064D47008B2DA3 /* Build configuration list for PBXProject "QRCoder" */ = {
			isa = XCConfigurationList;
			buildConfigurations = (
				78EEFE7427064D48008B2DA3 /* Debug */,
				78EEFE7527064D48008B2DA3 /* Release */,
			);
			defaultConfigurationIsVisible = 0;
			defaultConfigurationName = Release;
		};
		78EEFE7627064D48008B2DA3 /* Build configuration list for PBXNativeTarget "QRCoder" */ = {
			isa = XCConfigurationList;
			buildConfigurations = (
				78EEFE7727064D48008B2DA3 /* Debug */,
				78EEFE7827064D48008B2DA3 /* Release */,
			);
			defaultConfigurationIsVisible = 0;
			defaultConfigurationName = Release;
		};
		78F70D21273582BD002453B3 /* Build configuration list for PBXNativeTarget "WatchQRCoder WatchKit Extension" */ = {
			isa = XCConfigurationList;
			buildConfigurations = (
				78F70D1F273582BD002453B3 /* Debug */,
				78F70D20273582BD002453B3 /* Release */,
			);
			defaultConfigurationIsVisible = 0;
			defaultConfigurationName = Release;
		};
		78F70D22273582BD002453B3 /* Build configuration list for PBXNativeTarget "WatchQRCoder" */ = {
			isa = XCConfigurationList;
			buildConfigurations = (
				78F70D1C273582BD002453B3 /* Debug */,
				78F70D1D273582BD002453B3 /* Release */,
			);
			defaultConfigurationIsVisible = 0;
			defaultConfigurationName = Release;
		};
		78FD900D272ACC080094DA3A /* Build configuration list for PBXNativeTarget "QRCoderWidgetExtension" */ = {
			isa = XCConfigurationList;
			buildConfigurations = (
				78FD900E272ACC080094DA3A /* Debug */,
				78FD900F272ACC080094DA3A /* Release */,
			);
			defaultConfigurationIsVisible = 0;
			defaultConfigurationName = Release;
		};
		78FD9020272AF6740094DA3A /* Build configuration list for PBXNativeTarget "QRCoderWidgetIntentHandler" */ = {
			isa = XCConfigurationList;
			buildConfigurations = (
				78FD9021272AF6740094DA3A /* Debug */,
				78FD9022272AF6740094DA3A /* Release */,
			);
			defaultConfigurationIsVisible = 0;
			defaultConfigurationName = Release;
		};
/* End XCConfigurationList section */
	};
	rootObject = 78EEFE6027064D47008B2DA3 /* Project object */;
}
